
Microsoft Visual Studio Solution File, Format Version 12.00
# Visual Studio 14
VisualStudioVersion = 14.0.25420.1
MinimumVisualStudioVersion = 10.0.40219.1
Project("{FAE04EC0-301F-11D3-BF4B-00C04F79EFBC}") = "EuroFunds.DataLoader", "EuroFunds.DataLoader\EuroFunds.DataLoader.csproj", "{99C085DE-B0AA-4D89-9110-049A151A514C}"
EndProject
Project("{FAE04EC0-301F-11D3-BF4B-00C04F79EFBC}") = "EuroFunds.Database", "EuroFunds.Database\EuroFunds.Database.csproj", "{A82A98A2-9DE5-4676-B47F-99923ABDF1E2}"
EndProject
Project("{FAE04EC0-301F-11D3-BF4B-00C04F79EFBC}") = "EuroFunds.Runner", "EuroFunds.Runner\EuroFunds.Runner.csproj", "{C366B8A6-A95F-4B99-91E9-44C7DFBE87FE}"
EndProject
Project("{FAE04EC0-301F-11D3-BF4B-00C04F79EFBC}") = "EuroFunds.Statistics", "EuroFunds.Statistics\EuroFunds.Statistics.csproj", "{26E91663-3628-4AFC-9B91-907246F3EA9A}"
EndProject
Project("{FAE04EC0-301F-11D3-BF4B-00C04F79EFBC}") = "EuroFunds.Viewer", "EuroFunds.Viewer\EuroFunds.Viewer.csproj", "{46F7F91E-9BA6-4D38-B984-B3A32337F6DC}"
EndProject
Global
	GlobalSection(SolutionConfigurationPlatforms) = preSolution
		Debug|Any CPU = Debug|Any CPU
		Release|Any CPU = Release|Any CPU
	EndGlobalSection
	GlobalSection(ProjectConfigurationPlatforms) = postSolution
		{99C085DE-B0AA-4D89-9110-049A151A514C}.Debug|Any CPU.ActiveCfg = Debug|Any CPU
		{99C085DE-B0AA-4D89-9110-049A151A514C}.Debug|Any CPU.Build.0 = Debug|Any CPU
		{99C085DE-B0AA-4D89-9110-049A151A514C}.Release|Any CPU.ActiveCfg = Release|Any CPU
		{99C085DE-B0AA-4D89-9110-049A151A514C}.Release|Any CPU.Build.0 = Release|Any CPU
		{A82A98A2-9DE5-4676-B47F-99923ABDF1E2}.Debug|Any CPU.ActiveCfg = Debug|Any CPU
		{A82A98A2-9DE5-4676-B47F-99923ABDF1E2}.Debug|Any CPU.Build.0 = Debug|Any CPU
		{A82A98A2-9DE5-4676-B47F-99923ABDF1E2}.Release|Any CPU.ActiveCfg = Release|Any CPU
		{A82A98A2-9DE5-4676-B47F-99923ABDF1E2}.Release|Any CPU.Build.0 = Release|Any CPU
		{C366B8A6-A95F-4B99-91E9-44C7DFBE87FE}.Debug|Any CPU.ActiveCfg = Debug|Any CPU
		{C366B8A6-A95F-4B99-91E9-44C7DFBE87FE}.Debug|Any CPU.Build.0 = Debug|Any CPU
		{C366B8A6-A95F-4B99-91E9-44C7DFBE87FE}.Release|Any CPU.ActiveCfg = Release|Any CPU
		{C366B8A6-A95F-4B99-91E9-44C7DFBE87FE}.Release|Any CPU.Build.0 = Release|Any CPU
		{26E91663-3628-4AFC-9B91-907246F3EA9A}.Debug|Any CPU.ActiveCfg = Debug|Any CPU
		{26E91663-3628-4AFC-9B91-907246F3EA9A}.Debug|Any CPU.Build.0 = Debug|Any CPU
		{26E91663-3628-4AFC-9B91-907246F3EA9A}.Release|Any CPU.ActiveCfg = Release|Any CPU
		{26E91663-3628-4AFC-9B91-907246F3EA9A}.Release|Any CPU.Build.0 = Release|Any CPU
		{46F7F91E-9BA6-4D38-B984-B3A32337F6DC}.Debug|Any CPU.ActiveCfg = Debug|Any CPU
		{46F7F91E-9BA6-4D38-B984-B3A32337F6DC}.Debug|Any CPU.Build.0 = Debug|Any CPU
		{46F7F91E-9BA6-4D38-B984-B3A32337F6DC}.Release|Any CPU.ActiveCfg = Release|Any CPU
		{46F7F91E-9BA6-4D38-B984-B3A32337F6DC}.Release|Any CPU.Build.0 = Release|Any CPU
	EndGlobalSection
	GlobalSection(SolutionProperties) = preSolution
		HideSolutionNode = FALSE
	EndGlobalSection
EndGlobal
